
Microsoft Visual Studio Solution File, Format Version 12.00
# Visual Studio 15
VisualStudioVersion = 15.0.28307.329
MinimumVisualStudioVersion = 10.0.40219.1
Project("{8BC9CEB8-8B4A-11D0-8D11-00A0C91BC942}") = "AttachmentsProcessor", "AttachmentsProcessor\AttachmentsProcessor.vcxproj", "{6A6710A3-6709-4A3E-895C-810D5AFEF300}"
EndProject
Project("{8BC9CEB8-8B4A-11D0-8D11-00A0C91BC942}") = "LizardScript", "LizardScript\LizardScript.vcxproj", "{0F3D7519-6F61-432E-B718-C71C3EC74819}"
EndProject
Project("{FAE04EC0-301F-11D3-BF4B-00C04F79EFBC}") = "Demo", "Demo\Demo.csproj", "{17E6765C-5166-4AC0-83AC-8811119E3175}"
EndProject
Global
	GlobalSection(SolutionConfigurationPlatforms) = preSolution
		Debug|Any CPU = Debug|Any CPU
		Debug|x64 = Debug|x64
		Debug|x86 = Debug|x86
		DemoDebug|Any CPU = DemoDebug|Any CPU
		DemoDebug|x64 = DemoDebug|x64
		DemoDebug|x86 = DemoDebug|x86
		DemoRelease|Any CPU = DemoRelease|Any CPU
		DemoRelease|x64 = DemoRelease|x64
		DemoRelease|x86 = DemoRelease|x86
		Release|Any CPU = Release|Any CPU
		Release|x64 = Release|x64
		Release|x86 = Release|x86
	EndGlobalSection
	GlobalSection(ProjectConfigurationPlatforms) = postSolution
		{6A6710A3-6709-4A3E-895C-810D5AFEF300}.Debug|Any CPU.ActiveCfg = Debug|Win32
		{6A6710A3-6709-4A3E-895C-810D5AFEF300}.Debug|x64.ActiveCfg = Debug|x64
		{6A6710A3-6709-4A3E-895C-810D5AFEF300}.Debug|x64.Build.0 = Debug|x64
		{6A6710A3-6709-4A3E-895C-810D5AFEF300}.Debug|x86.ActiveCfg = Debug|Win32
		{6A6710A3-6709-4A3E-895C-810D5AFEF300}.Debug|x86.Build.0 = Debug|Win32
		{6A6710A3-6709-4A3E-895C-810D5AFEF300}.DemoDebug|Any CPU.ActiveCfg = Release|Win32
		{6A6710A3-6709-4A3E-895C-810D5AFEF300}.DemoDebug|Any CPU.Build.0 = Release|Win32
		{6A6710A3-6709-4A3E-895C-810D5AFEF300}.DemoDebug|x64.ActiveCfg = Debug|x64
		{6A6710A3-6709-4A3E-895C-810D5AFEF300}.DemoDebug|x64.Build.0 = Debug|x64
		{6A6710A3-6709-4A3E-895C-810D5AFEF300}.DemoDebug|x86.ActiveCfg = Debug|Win32
		{6A6710A3-6709-4A3E-895C-810D5AFEF300}.DemoDebug|x86.Build.0 = Debug|Win32
		{6A6710A3-6709-4A3E-895C-810D5AFEF300}.DemoRelease|Any CPU.ActiveCfg = Release|Win32
		{6A6710A3-6709-4A3E-895C-810D5AFEF300}.DemoRelease|Any CPU.Build.0 = Release|Win32
		{6A6710A3-6709-4A3E-895C-810D5AFEF300}.DemoRelease|x64.ActiveCfg = Release|x64
		{6A6710A3-6709-4A3E-895C-810D5AFEF300}.DemoRelease|x64.Build.0 = Release|x64
		{6A6710A3-6709-4A3E-895C-810D5AFEF300}.DemoRelease|x86.ActiveCfg = Release|Win32
		{6A6710A3-6709-4A3E-895C-810D5AFEF300}.DemoRelease|x86.Build.0 = Release|Win32
		{6A6710A3-6709-4A3E-895C-810D5AFEF300}.Release|Any CPU.ActiveCfg = Release|Win32
		{6A6710A3-6709-4A3E-895C-810D5AFEF300}.Release|x64.ActiveCfg = Release|x64
		{6A6710A3-6709-4A3E-895C-810D5AFEF300}.Release|x64.Build.0 = Release|x64
		{6A6710A3-6709-4A3E-895C-810D5AFEF300}.Release|x86.ActiveCfg = Release|Win32
		{6A6710A3-6709-4A3E-895C-810D5AFEF300}.Release|x86.Build.0 = Release|Win32
		{0F3D7519-6F61-432E-B718-C71C3EC74819}.Debug|Any CPU.ActiveCfg = Debug|Win32
		{0F3D7519-6F61-432E-B718-C71C3EC74819}.Debug|x64.ActiveCfg = Debug|x64
		{0F3D7519-6F61-432E-B718-C71C3EC74819}.Debug|x64.Build.0 = Debug|x64
		{0F3D7519-6F61-432E-B718-C71C3EC74819}.Debug|x86.ActiveCfg = Debug|Win32
		{0F3D7519-6F61-432E-B718-C71C3EC74819}.Debug|x86.Build.0 = Debug|Win32
		{0F3D7519-6F61-432E-B718-C71C3EC74819}.DemoDebug|Any CPU.ActiveCfg = DemoDebug|Win32
		{0F3D7519-6F61-432E-B718-C71C3EC74819}.DemoDebug|x64.ActiveCfg = DemoDebug|x64
		{0F3D7519-6F61-432E-B718-C71C3EC74819}.DemoDebug|x64.Build.0 = DemoDebug|x64
		{0F3D7519-6F61-432E-B718-C71C3EC74819}.DemoDebug|x86.ActiveCfg = DemoDebug|Win32
		{0F3D7519-6F61-432E-B718-C71C3EC74819}.DemoDebug|x86.Build.0 = DemoDebug|Win32
		{0F3D7519-6F61-432E-B718-C71C3EC74819}.DemoRelease|Any CPU.ActiveCfg = DemoRelease|Win32
		{0F3D7519-6F61-432E-B718-C71C3EC74819}.DemoRelease|x64.ActiveCfg = DemoRelease|x64
		{0F3D7519-6F61-432E-B718-C71C3EC74819}.DemoRelease|x64.Build.0 = DemoRelease|x64
		{0F3D7519-6F61-432E-B718-C71C3EC74819}.DemoRelease|x86.ActiveCfg = DemoRelease|Win32
		{0F3D7519-6F61-432E-B718-C71C3EC74819}.DemoRelease|x86.Build.0 = DemoRelease|Win32
		{0F3D7519-6F61-432E-B718-C71C3EC74819}.Release|Any CPU.ActiveCfg = Release|Win32
		{0F3D7519-6F61-432E-B718-C71C3EC74819}.Release|x64.ActiveCfg = Release|x64
		{0F3D7519-6F61-432E-B718-C71C3EC74819}.Release|x64.Build.0 = Release|x64
		{0F3D7519-6F61-432E-B718-C71C3EC74819}.Release|x86.ActiveCfg = Release|Win32
		{0F3D7519-6F61-432E-B718-C71C3EC74819}.Release|x86.Build.0 = Release|Win32
		{17E6765C-5166-4AC0-83AC-8811119E3175}.Debug|Any CPU.ActiveCfg = Debug|Any CPU
		{17E6765C-5166-4AC0-83AC-8811119E3175}.Debug|Any CPU.Build.0 = Debug|Any CPU
		{17E6765C-5166-4AC0-83AC-8811119E3175}.Debug|x64.ActiveCfg = Debug|x64
		{17E6765C-5166-4AC0-83AC-8811119E3175}.Debug|x64.Build.0 = Debug|x64
		{17E6765C-5166-4AC0-83AC-8811119E3175}.Debug|x86.ActiveCfg = Debug|Any CPU
		{17E6765C-5166-4AC0-83AC-8811119E3175}.Debug|x86.Build.0 = Debug|Any CPU
		{17E6765C-5166-4AC0-83AC-8811119E3175}.DemoDebug|Any CPU.ActiveCfg = Debug|Any CPU
		{17E6765C-5166-4AC0-83AC-8811119E3175}.DemoDebug|Any CPU.Build.0 = Debug|Any CPU
		{17E6765C-5166-4AC0-83AC-8811119E3175}.DemoDebug|x64.ActiveCfg = Debug|Any CPU
		{17E6765C-5166-4AC0-83AC-8811119E3175}.DemoDebug|x64.Build.0 = Debug|Any CPU
		{17E6765C-5166-4AC0-83AC-8811119E3175}.DemoDebug|x86.ActiveCfg = Debug|Any CPU
		{17E6765C-5166-4AC0-83AC-8811119E3175}.DemoDebug|x86.Build.0 = Debug|Any CPU
		{17E6765C-5166-4AC0-83AC-8811119E3175}.DemoRelease|Any CPU.ActiveCfg = Release|Any CPU
		{17E6765C-5166-4AC0-83AC-8811119E3175}.DemoRelease|Any CPU.Build.0 = Release|Any CPU
		{17E6765C-5166-4AC0-83AC-8811119E3175}.DemoRelease|x64.ActiveCfg = Release|Any CPU
		{17E6765C-5166-4AC0-83AC-8811119E3175}.DemoRelease|x64.Build.0 = Release|Any CPU
		{17E6765C-5166-4AC0-83AC-8811119E3175}.DemoRelease|x86.ActiveCfg = Release|Any CPU
		{17E6765C-5166-4AC0-83AC-8811119E3175}.DemoRelease|x86.Build.0 = Release|Any CPU
		{17E6765C-5166-4AC0-83AC-8811119E3175}.Release|Any CPU.ActiveCfg = Release|Any CPU
		{17E6765C-5166-4AC0-83AC-8811119E3175}.Release|Any CPU.Build.0 = Release|Any CPU
		{17E6765C-5166-4AC0-83AC-8811119E3175}.Release|x64.ActiveCfg = Release|x64
		{17E6765C-5166-4AC0-83AC-8811119E3175}.Release|x64.Build.0 = Release|x64
		{17E6765C-5166-4AC0-83AC-8811119E3175}.Release|x86.ActiveCfg = Release|Any CPU
		{17E6765C-5166-4AC0-83AC-8811119E3175}.Release|x86.Build.0 = Release|Any CPU
	EndGlobalSection
	GlobalSection(SolutionProperties) = preSolution
		HideSolutionNode = FALSE
	EndGlobalSection
	GlobalSection(ExtensibilityGlobals) = postSolution
		SolutionGuid = {B87FD410-473C-46A7-8FA4-1B8F222E984C}
	EndGlobalSection
EndGlobal
